
Microsoft Visual Studio Solution File, Format Version 12.00
Project("{FAE04EC0-301F-11D3-BF4B-00C04F79EFBC}") = "Textorizer.UnitTests", "Textorizer.UnitTests\Textorizer.UnitTests.csproj", "{5D124681-9BB1-4729-8FE7-A272656ACFB1}"
EndProject
Project("{FAE04EC0-301F-11D3-BF4B-00C04F79EFBC}") = "Textorizer", "Textorizer\Textorizer.csproj", "{5FBDC87D-E425-4F8E-9EC8-0EC5815F4464}"
EndProject
Project("{FAE04EC0-301F-11D3-BF4B-00C04F79EFBC}") = "Textorizer.Benchmarks", "Textorizer.Benchmarks\Textorizer.Benchmarks.csproj", "{8BFD064E-933D-48C9-9963-E1380A4A0599}"
EndProject
Global
	GlobalSection(SolutionConfigurationPlatforms) = preSolution
		Debug|Any CPU = Debug|Any CPU
		Release|Any CPU = Release|Any CPU
	EndGlobalSection
	GlobalSection(ProjectConfigurationPlatforms) = postSolution
		{5D124681-9BB1-4729-8FE7-A272656ACFB1}.Debug|Any CPU.ActiveCfg = Debug|Any CPU
		{5D124681-9BB1-4729-8FE7-A272656ACFB1}.Debug|Any CPU.Build.0 = Debug|Any CPU
		{5D124681-9BB1-4729-8FE7-A272656ACFB1}.Release|Any CPU.ActiveCfg = Release|Any CPU
		{5D124681-9BB1-4729-8FE7-A272656ACFB1}.Release|Any CPU.Build.0 = Release|Any CPU
		{5FBDC87D-E425-4F8E-9EC8-0EC5815F4464}.Debug|Any CPU.ActiveCfg = Debug|Any CPU
		{5FBDC87D-E425-4F8E-9EC8-0EC5815F4464}.Debug|Any CPU.Build.0 = Debug|Any CPU
		{5FBDC87D-E425-4F8E-9EC8-0EC5815F4464}.Release|Any CPU.ActiveCfg = Release|Any CPU
		{5FBDC87D-E425-4F8E-9EC8-0EC5815F4464}.Release|Any CPU.Build.0 = Release|Any CPU
		{8BFD064E-933D-48C9-9963-E1380A4A0599}.Debug|Any CPU.ActiveCfg = Debug|Any CPU
		{8BFD064E-933D-48C9-9963-E1380A4A0599}.Debug|Any CPU.Build.0 = Debug|Any CPU
		{8BFD064E-933D-48C9-9963-E1380A4A0599}.Release|Any CPU.ActiveCfg = Release|Any CPU
		{8BFD064E-933D-48C9-9963-E1380A4A0599}.Release|Any CPU.Build.0 = Release|Any CPU
	EndGlobalSection
EndGlobal
